
Microsoft Visual Studio Solution File, Format Version 12.00
# Visual Studio 14
VisualStudioVersion = 14.0.25420.1
MinimumVisualStudioVersion = 10.0.40219.1
Project("{FAE04EC0-301F-11D3-BF4B-00C04F79EFBC}") = "FJW.Wechat.WebApp", "FJW.Wechat.WebApp\FJW.Wechat.WebApp.csproj", "{A7DCF7EC-E911-4A21-BC2B-8F964BB816D4}"
	ProjectSection(ProjectDependencies) = postProject
		{0644B113-8905-47CA-B8DA-AB10F2195527} = {0644B113-8905-47CA-B8DA-AB10F2195527}
		{18BE11D6-9349-49D4-B52D-DA5833B6D229} = {18BE11D6-9349-49D4-B52D-DA5833B6D229}
	EndProjectSection
EndProject
Project("{FAE04EC0-301F-11D3-BF4B-00C04F79EFBC}") = "FJW.Unit", "FJW.Unit\FJW.Unit.csproj", "{D72EED5C-8B1B-43E4-8B9A-51C69B1B2C6F}"
EndProject
Project("{FAE04EC0-301F-11D3-BF4B-00C04F79EFBC}") = "FJW.Wechat.Data", "FJW.Wechat.Data\FJW.Wechat.Data.csproj", "{03D1C3AC-D5BE-4035-B1A2-CE67B030639D}"
EndProject
Project("{FAE04EC0-301F-11D3-BF4B-00C04F79EFBC}") = "FJW.Wechat.ConsoleApp", "FJW.Wechat.ConsoleApp\FJW.Wechat.ConsoleApp.csproj", "{6E3B9898-14C5-4F02-B12B-BF27889E3389}"
EndProject
Project("{FAE04EC0-301F-11D3-BF4B-00C04F79EFBC}") = "FJW.SDK2Api", "FJW.SDK2Api\FJW.SDK2Api.csproj", "{84FD0233-9DCB-4FA6-83D6-EF22841E0151}"
EndProject
Project("{FAE04EC0-301F-11D3-BF4B-00C04F79EFBC}") = "FJW.Wechat.Base", "FJW.Wechat.Base\FJW.Wechat.Base.csproj", "{18BE11D6-9349-49D4-B52D-DA5833B6D229}"
EndProject
Project("{2150E333-8FDC-42A3-9474-1A3956D46DE8}") = "Test", "Test", "{41894940-4DDD-4674-B28D-143503D9E31C}"
EndProject
Project("{FAE04EC0-301F-11D3-BF4B-00C04F79EFBC}") = "FJW.Wechat.Activity", "FJW.Wechat.Activity\FJW.Wechat.Activity.csproj", "{0644B113-8905-47CA-B8DA-AB10F2195527}"
EndProject
Global
	GlobalSection(SolutionConfigurationPlatforms) = preSolution
		Debug|Any CPU = Debug|Any CPU
		Release|Any CPU = Release|Any CPU
	EndGlobalSection
	GlobalSection(ProjectConfigurationPlatforms) = postSolution
		{A7DCF7EC-E911-4A21-BC2B-8F964BB816D4}.Debug|Any CPU.ActiveCfg = Debug|Any CPU
		{A7DCF7EC-E911-4A21-BC2B-8F964BB816D4}.Debug|Any CPU.Build.0 = Debug|Any CPU
		{A7DCF7EC-E911-4A21-BC2B-8F964BB816D4}.Release|Any CPU.ActiveCfg = Release|Any CPU
		{A7DCF7EC-E911-4A21-BC2B-8F964BB816D4}.Release|Any CPU.Build.0 = Release|Any CPU
		{D72EED5C-8B1B-43E4-8B9A-51C69B1B2C6F}.Debug|Any CPU.ActiveCfg = Debug|Any CPU
		{D72EED5C-8B1B-43E4-8B9A-51C69B1B2C6F}.Debug|Any CPU.Build.0 = Debug|Any CPU
		{D72EED5C-8B1B-43E4-8B9A-51C69B1B2C6F}.Release|Any CPU.ActiveCfg = Release|Any CPU
		{D72EED5C-8B1B-43E4-8B9A-51C69B1B2C6F}.Release|Any CPU.Build.0 = Release|Any CPU
		{03D1C3AC-D5BE-4035-B1A2-CE67B030639D}.Debug|Any CPU.ActiveCfg = Debug|Any CPU
		{03D1C3AC-D5BE-4035-B1A2-CE67B030639D}.Debug|Any CPU.Build.0 = Debug|Any CPU
		{03D1C3AC-D5BE-4035-B1A2-CE67B030639D}.Release|Any CPU.ActiveCfg = Release|Any CPU
		{03D1C3AC-D5BE-4035-B1A2-CE67B030639D}.Release|Any CPU.Build.0 = Release|Any CPU
		{6E3B9898-14C5-4F02-B12B-BF27889E3389}.Debug|Any CPU.ActiveCfg = Debug|Any CPU
		{6E3B9898-14C5-4F02-B12B-BF27889E3389}.Debug|Any CPU.Build.0 = Debug|Any CPU
		{6E3B9898-14C5-4F02-B12B-BF27889E3389}.Release|Any CPU.ActiveCfg = Release|Any CPU
		{6E3B9898-14C5-4F02-B12B-BF27889E3389}.Release|Any CPU.Build.0 = Release|Any CPU
		{84FD0233-9DCB-4FA6-83D6-EF22841E0151}.Debug|Any CPU.ActiveCfg = Debug|Any CPU
		{84FD0233-9DCB-4FA6-83D6-EF22841E0151}.Debug|Any CPU.Build.0 = Debug|Any CPU
		{84FD0233-9DCB-4FA6-83D6-EF22841E0151}.Release|Any CPU.ActiveCfg = Release|Any CPU
		{84FD0233-9DCB-4FA6-83D6-EF22841E0151}.Release|Any CPU.Build.0 = Release|Any CPU
		{18BE11D6-9349-49D4-B52D-DA5833B6D229}.Debug|Any CPU.ActiveCfg = Debug|Any CPU
		{18BE11D6-9349-49D4-B52D-DA5833B6D229}.Debug|Any CPU.Build.0 = Debug|Any CPU
		{18BE11D6-9349-49D4-B52D-DA5833B6D229}.Release|Any CPU.ActiveCfg = Release|Any CPU
		{18BE11D6-9349-49D4-B52D-DA5833B6D229}.Release|Any CPU.Build.0 = Release|Any CPU
		{0644B113-8905-47CA-B8DA-AB10F2195527}.Debug|Any CPU.ActiveCfg = Debug|Any CPU
		{0644B113-8905-47CA-B8DA-AB10F2195527}.Debug|Any CPU.Build.0 = Debug|Any CPU
		{0644B113-8905-47CA-B8DA-AB10F2195527}.Release|Any CPU.ActiveCfg = Release|Any CPU
		{0644B113-8905-47CA-B8DA-AB10F2195527}.Release|Any CPU.Build.0 = Release|Any CPU
	EndGlobalSection
	GlobalSection(SolutionProperties) = preSolution
		HideSolutionNode = FALSE
	EndGlobalSection
	GlobalSection(NestedProjects) = preSolution
		{6E3B9898-14C5-4F02-B12B-BF27889E3389} = {41894940-4DDD-4674-B28D-143503D9E31C}
	EndGlobalSection
EndGlobal
